// !$*UTF8*$!
{
	archiveVersion = 1;
	classes = {
	};
	objectVersion = 48;
	objects = {

/* Begin PBXBuildFile section */
		1418AA6B203DC97E006C100F /* Message.swift in Sources */ = {isa = PBXBuildFile; fileRef = 1418AA6A203DC97E006C100F /* Message.swift */; };
		14677A13203C7B6300FF4D1D /* AppDelegate.swift in Sources */ = {isa = PBXBuildFile; fileRef = 14677A12203C7B6300FF4D1D /* AppDelegate.swift */; };
		14677A15203C7B6300FF4D1D /* FeedViewController.swift in Sources */ = {isa = PBXBuildFile; fileRef = 14677A14203C7B6300FF4D1D /* FeedViewController.swift */; };
		14677A17203C7B6300FF4D1D /* GroupsViewController.swift in Sources */ = {isa = PBXBuildFile; fileRef = 14677A16203C7B6300FF4D1D /* GroupsViewController.swift */; };
		14677A1A203C7B6300FF4D1D /* Main.storyboard in Resources */ = {isa = PBXBuildFile; fileRef = 14677A18203C7B6300FF4D1D /* Main.storyboard */; };
		14677A1C203C7B6300FF4D1D /* Assets.xcassets in Resources */ = {isa = PBXBuildFile; fileRef = 14677A1B203C7B6300FF4D1D /* Assets.xcassets */; };
		14677A1F203C7B6300FF4D1D /* LaunchScreen.storyboard in Resources */ = {isa = PBXBuildFile; fileRef = 14677A1D203C7B6300FF4D1D /* LaunchScreen.storyboard */; };
		14677A2C203C7F4400FF4D1D /* GoogleService-Info.plist in Resources */ = {isa = PBXBuildFile; fileRef = 14677A2B203C7F4400FF4D1D /* GoogleService-Info.plist */; };
		14677A2E203C82E100FF4D1D /* DataService.swift in Sources */ = {isa = PBXBuildFile; fileRef = 14677A2D203C82E100FF4D1D /* DataService.swift */; };
		14677A30203C8D7000FF4D1D /* AuthViewController.swift in Sources */ = {isa = PBXBuildFile; fileRef = 14677A2F203C8D7000FF4D1D /* AuthViewController.swift */; };
		14677A32203C8DB100FF4D1D /* LoginViewController.swift in Sources */ = {isa = PBXBuildFile; fileRef = 14677A31203C8DB100FF4D1D /* LoginViewController.swift */; };
		14677A34203C8DFF00FF4D1D /* InsetTextField.swift in Sources */ = {isa = PBXBuildFile; fileRef = 14677A33203C8DFF00FF4D1D /* InsetTextField.swift */; };
		14677A36203C908900FF4D1D /* ShadowView.swift in Sources */ = {isa = PBXBuildFile; fileRef = 14677A35203C908900FF4D1D /* ShadowView.swift */; };
		14F807D3203C939000A84609 /* AuthService.swift in Sources */ = {isa = PBXBuildFile; fileRef = 14F807D2203C939000A84609 /* AuthService.swift */; };
		14F807D7203CB29F00A84609 /* MeViewController.swift in Sources */ = {isa = PBXBuildFile; fileRef = 14F807D6203CB29F00A84609 /* MeViewController.swift */; };
		14F807D9203CB84A00A84609 /* CreatePostViewController.swift in Sources */ = {isa = PBXBuildFile; fileRef = 14F807D8203CB84A00A84609 /* CreatePostViewController.swift */; };
		14F807DB203CBC5000A84609 /* UIViewExtension.swift in Sources */ = {isa = PBXBuildFile; fileRef = 14F807DA203CBC5000A84609 /* UIViewExtension.swift */; };
		14F807DD203CDD7700A84609 /* FeedTableViewCell.swift in Sources */ = {isa = PBXBuildFile; fileRef = 14F807DC203CDD7700A84609 /* FeedTableViewCell.swift */; };
		B28C51E825E87CF3B3D339E2 /* Pods_breakpoint.framework in Frameworks */ = {isa = PBXBuildFile; fileRef = 0A9906F2476CEA36B1F9A49A /* Pods_breakpoint.framework */; };
/* End PBXBuildFile section */

/* Begin PBXFileReference section */
		0A9906F2476CEA36B1F9A49A /* Pods_breakpoint.framework */ = {isa = PBXFileReference; explicitFileType = wrapper.framework; includeInIndex = 0; path = Pods_breakpoint.framework; sourceTree = BUILT_PRODUCTS_DIR; };
		1418AA6A203DC97E006C100F /* Message.swift */ = {isa = PBXFileReference; lastKnownFileType = sourcecode.swift; path = Message.swift; sourceTree = "<group>"; };
		14677A0F203C7B6300FF4D1D /* breakpoint.app */ = {isa = PBXFileReference; explicitFileType = wrapper.application; includeInIndex = 0; path = breakpoint.app; sourceTree = BUILT_PRODUCTS_DIR; };
		14677A12203C7B6300FF4D1D /* AppDelegate.swift */ = {isa = PBXFileReference; lastKnownFileType = sourcecode.swift; path = AppDelegate.swift; sourceTree = "<group>"; };
		14677A14203C7B6300FF4D1D /* FeedViewController.swift */ = {isa = PBXFileReference; lastKnownFileType = sourcecode.swift; path = FeedViewController.swift; sourceTree = "<group>"; };
		14677A16203C7B6300FF4D1D /* GroupsViewController.swift */ = {isa = PBXFileReference; lastKnownFileType = sourcecode.swift; path = GroupsViewController.swift; sourceTree = "<group>"; };
		14677A19203C7B6300FF4D1D /* Base */ = {isa = PBXFileReference; lastKnownFileType = file.storyboard; name = Base; path = Base.lproj/Main.storyboard; sourceTree = "<group>"; };
		14677A1B203C7B6300FF4D1D /* Assets.xcassets */ = {isa = PBXFileReference; lastKnownFileType = folder.assetcatalog; path = Assets.xcassets; sourceTree = "<group>"; };
		14677A1E203C7B6300FF4D1D /* Base */ = {isa = PBXFileReference; lastKnownFileType = file.storyboard; name = Base; path = Base.lproj/LaunchScreen.storyboard; sourceTree = "<group>"; };
		14677A20203C7B6300FF4D1D /* Info.plist */ = {isa = PBXFileReference; lastKnownFileType = text.plist.xml; path = Info.plist; sourceTree = "<group>"; };
		14677A2B203C7F4400FF4D1D /* GoogleService-Info.plist */ = {isa = PBXFileReference; fileEncoding = 4; lastKnownFileType = text.plist.xml; path = "GoogleService-Info.plist"; sourceTree = "<group>"; };
		14677A2D203C82E100FF4D1D /* DataService.swift */ = {isa = PBXFileReference; lastKnownFileType = sourcecode.swift; path = DataService.swift; sourceTree = "<group>"; };
		14677A2F203C8D7000FF4D1D /* AuthViewController.swift */ = {isa = PBXFileReference; lastKnownFileType = sourcecode.swift; path = AuthViewController.swift; sourceTree = "<group>"; };
		14677A31203C8DB100FF4D1D /* LoginViewController.swift */ = {isa = PBXFileReference; lastKnownFileType = sourcecode.swift; path = LoginViewController.swift; sourceTree = "<group>"; };
		14677A33203C8DFF00FF4D1D /* InsetTextField.swift */ = {isa = PBXFileReference; lastKnownFileType = sourcecode.swift; path = InsetTextField.swift; sourceTree = "<group>"; };
		14677A35203C908900FF4D1D /* ShadowView.swift */ = {isa = PBXFileReference; lastKnownFileType = sourcecode.swift; path = ShadowView.swift; sourceTree = "<group>"; };
		14F807D2203C939000A84609 /* AuthService.swift */ = {isa = PBXFileReference; lastKnownFileType = sourcecode.swift; path = AuthService.swift; sourceTree = "<group>"; };
		14F807D6203CB29F00A84609 /* MeViewController.swift */ = {isa = PBXFileReference; lastKnownFileType = sourcecode.swift; path = MeViewController.swift; sourceTree = "<group>"; };
		14F807D8203CB84A00A84609 /* CreatePostViewController.swift */ = {isa = PBXFileReference; lastKnownFileType = sourcecode.swift; path = CreatePostViewController.swift; sourceTree = "<group>"; };
		14F807DA203CBC5000A84609 /* UIViewExtension.swift */ = {isa = PBXFileReference; lastKnownFileType = sourcecode.swift; path = UIViewExtension.swift; sourceTree = "<group>"; };
		14F807DC203CDD7700A84609 /* FeedTableViewCell.swift */ = {isa = PBXFileReference; lastKnownFileType = sourcecode.swift; path = FeedTableViewCell.swift; sourceTree = "<group>"; };
		23D1A01EB2BA1107A0AF4C26 /* Pods-breakpoint.release.xcconfig */ = {isa = PBXFileReference; includeInIndex = 1; lastKnownFileType = text.xcconfig; name = "Pods-breakpoint.release.xcconfig"; path = "Pods/Target Support Files/Pods-breakpoint/Pods-breakpoint.release.xcconfig"; sourceTree = "<group>"; };
		C5A3498C9D7EA97C23AE646E /* Pods-breakpoint.debug.xcconfig */ = {isa = PBXFileReference; includeInIndex = 1; lastKnownFileType = text.xcconfig; name = "Pods-breakpoint.debug.xcconfig"; path = "Pods/Target Support Files/Pods-breakpoint/Pods-breakpoint.debug.xcconfig"; sourceTree = "<group>"; };
/* End PBXFileReference section */

/* Begin PBXFrameworksBuildPhase section */
		14677A0C203C7B6300FF4D1D /* Frameworks */ = {
			isa = PBXFrameworksBuildPhase;
			buildActionMask = 2147483647;
			files = (
				B28C51E825E87CF3B3D339E2 /* Pods_breakpoint.framework in Frameworks */,
			);
			runOnlyForDeploymentPostprocessing = 0;
		};
/* End PBXFrameworksBuildPhase section */

/* Begin PBXGroup section */
		0FED8AC525A2E9711B952B76 /* Frameworks */ = {
			isa = PBXGroup;
			children = (
				0A9906F2476CEA36B1F9A49A /* Pods_breakpoint.framework */,
			);
			name = Frameworks;
			sourceTree = "<group>";
		};
		14677A06203C7B6300FF4D1D = {
			isa = PBXGroup;
			children = (
				14677A11203C7B6300FF4D1D /* breakpoint */,
				14677A10203C7B6300FF4D1D /* Products */,
				5CBCA1A1A789CB4883C391CE /* Pods */,
				0FED8AC525A2E9711B952B76 /* Frameworks */,
			);
			sourceTree = "<group>";
		};
		14677A10203C7B6300FF4D1D /* Products */ = {
			isa = PBXGroup;
			children = (
				14677A0F203C7B6300FF4D1D /* breakpoint.app */,
			);
			name = Products;
			sourceTree = "<group>";
		};
		14677A11203C7B6300FF4D1D /* breakpoint */ = {
			isa = PBXGroup;
			children = (
				14677A2A203C7CB600FF4D1D /* Services */,
				14677A29203C7CB000FF4D1D /* Extensions */,
				14677A28203C7CAA00FF4D1D /* Model */,
				14677A27203C7CA300FF4D1D /* View */,
				14677A26203C7C9600FF4D1D /* Controller */,
				14677A12203C7B6300FF4D1D /* AppDelegate.swift */,
				14677A18203C7B6300FF4D1D /* Main.storyboard */,
				14677A1B203C7B6300FF4D1D /* Assets.xcassets */,
				14677A1D203C7B6300FF4D1D /* LaunchScreen.storyboard */,
				14677A20203C7B6300FF4D1D /* Info.plist */,
				14677A2B203C7F4400FF4D1D /* GoogleService-Info.plist */,
			);
			path = breakpoint;
			sourceTree = "<group>";
		};
		14677A26203C7C9600FF4D1D /* Controller */ = {
			isa = PBXGroup;
			children = (
				14677A14203C7B6300FF4D1D /* FeedViewController.swift */,
				14677A16203C7B6300FF4D1D /* GroupsViewController.swift */,
				14677A2F203C8D7000FF4D1D /* AuthViewController.swift */,
				14677A31203C8DB100FF4D1D /* LoginViewController.swift */,
				14F807D6203CB29F00A84609 /* MeViewController.swift */,
				14F807D8203CB84A00A84609 /* CreatePostViewController.swift */,
			);
			path = Controller;
			sourceTree = "<group>";
		};
		14677A27203C7CA300FF4D1D /* View */ = {
			isa = PBXGroup;
			children = (
				14677A33203C8DFF00FF4D1D /* InsetTextField.swift */,
				14677A35203C908900FF4D1D /* ShadowView.swift */,
				14F807DC203CDD7700A84609 /* FeedTableViewCell.swift */,
			);
			path = View;
			sourceTree = "<group>";
		};
		14677A28203C7CAA00FF4D1D /* Model */ = {
			isa = PBXGroup;
			children = (
				1418AA6A203DC97E006C100F /* Message.swift */,
			);
			path = Model;
			sourceTree = "<group>";
		};
		14677A29203C7CB000FF4D1D /* Extensions */ = {
			isa = PBXGroup;
			children = (
				14F807DA203CBC5000A84609 /* UIViewExtension.swift */,
			);
			path = Extensions;
			sourceTree = "<group>";
		};
		14677A2A203C7CB600FF4D1D /* Services */ = {
			isa = PBXGroup;
			children = (
				14677A2D203C82E100FF4D1D /* DataService.swift */,
				14F807D2203C939000A84609 /* AuthService.swift */,
			);
			path = Services;
			sourceTree = "<group>";
		};
		5CBCA1A1A789CB4883C391CE /* Pods */ = {
			isa = PBXGroup;
			children = (
				C5A3498C9D7EA97C23AE646E /* Pods-breakpoint.debug.xcconfig */,
				23D1A01EB2BA1107A0AF4C26 /* Pods-breakpoint.release.xcconfig */,
			);
			name = Pods;
			sourceTree = "<group>";
		};
/* End PBXGroup section */

/* Begin PBXNativeTarget section */
		14677A0E203C7B6300FF4D1D /* breakpoint */ = {
			isa = PBXNativeTarget;
			buildConfigurationList = 14677A23203C7B6300FF4D1D /* Build configuration list for PBXNativeTarget "breakpoint" */;
			buildPhases = (
				676FDCD138594CF07E60F0AF /* [CP] Check Pods Manifest.lock */,
				14677A0B203C7B6300FF4D1D /* Sources */,
				14677A0C203C7B6300FF4D1D /* Frameworks */,
				14677A0D203C7B6300FF4D1D /* Resources */,
				1E1FD24D1EC8BB039DA1A390 /* [CP] Embed Pods Frameworks */,
				F0495C9F9BE75B3C83A61B40 /* [CP] Copy Pods Resources */,
			);
			buildRules = (
			);
			dependencies = (
			);
			name = breakpoint;
			productName = breakpoint;
			productReference = 14677A0F203C7B6300FF4D1D /* breakpoint.app */;
			productType = "com.apple.product-type.application";
		};
/* End PBXNativeTarget section */

/* Begin PBXProject section */
		14677A07203C7B6300FF4D1D /* Project object */ = {
			isa = PBXProject;
			attributes = {
				LastSwiftUpdateCheck = 0920;
				LastUpgradeCheck = 0920;
				ORGANIZATIONNAME = "Con Dos Emes";
				TargetAttributes = {
					14677A0E203C7B6300FF4D1D = {
						CreatedOnToolsVersion = 9.2;
						ProvisioningStyle = Automatic;
					};
				};
			};
			buildConfigurationList = 14677A0A203C7B6300FF4D1D /* Build configuration list for PBXProject "breakpoint" */;
			compatibilityVersion = "Xcode 8.0";
			developmentRegion = en;
			hasScannedForEncodings = 0;
			knownRegions = (
				en,
				Base,
			);
			mainGroup = 14677A06203C7B6300FF4D1D;
			productRefGroup = 14677A10203C7B6300FF4D1D /* Products */;
			projectDirPath = "";
			projectRoot = "";
			targets = (
				14677A0E203C7B6300FF4D1D /* breakpoint */,
			);
		};
/* End PBXProject section */

/* Begin PBXResourcesBuildPhase section */
		14677A0D203C7B6300FF4D1D /* Resources */ = {
			isa = PBXResourcesBuildPhase;
			buildActionMask = 2147483647;
			files = (
				14677A1F203C7B6300FF4D1D /* LaunchScreen.storyboard in Resources */,
				14677A2C203C7F4400FF4D1D /* GoogleService-Info.plist in Resources */,
				14677A1C203C7B6300FF4D1D /* Assets.xcassets in Resources */,
				14677A1A203C7B6300FF4D1D /* Main.storyboard in Resources */,
			);
			runOnlyForDeploymentPostprocessing = 0;
		};
/* End PBXResourcesBuildPhase section */

/* Begin PBXShellScriptBuildPhase section */
		1E1FD24D1EC8BB039DA1A390 /* [CP] Embed Pods Frameworks */ = {
			isa = PBXShellScriptBuildPhase;
			buildActionMask = 2147483647;
			files = (
			);
			inputPaths = (
				"${SRCROOT}/Pods/Target Support Files/Pods-breakpoint/Pods-breakpoint-frameworks.sh",
				"${BUILT_PRODUCTS_DIR}/GTMSessionFetcher/GTMSessionFetcher.framework",
				"${BUILT_PRODUCTS_DIR}/GoogleToolboxForMac/GoogleToolboxForMac.framework",
				"${BUILT_PRODUCTS_DIR}/leveldb-library/leveldb.framework",
				"${BUILT_PRODUCTS_DIR}/nanopb/nanopb.framework",
			);
			name = "[CP] Embed Pods Frameworks";
			outputPaths = (
				"${TARGET_BUILD_DIR}/${FRAMEWORKS_FOLDER_PATH}/GTMSessionFetcher.framework",
				"${TARGET_BUILD_DIR}/${FRAMEWORKS_FOLDER_PATH}/GoogleToolboxForMac.framework",
				"${TARGET_BUILD_DIR}/${FRAMEWORKS_FOLDER_PATH}/leveldb.framework",
				"${TARGET_BUILD_DIR}/${FRAMEWORKS_FOLDER_PATH}/nanopb.framework",
			);
			runOnlyForDeploymentPostprocessing = 0;
			shellPath = /bin/sh;
			shellScript = "\"${SRCROOT}/Pods/Target Support Files/Pods-breakpoint/Pods-breakpoint-frameworks.sh\"\n";
			showEnvVarsInLog = 0;
		};
		676FDCD138594CF07E60F0AF /* [CP] Check Pods Manifest.lock */ = {
			isa = PBXShellScriptBuildPhase;
			buildActionMask = 2147483647;
			files = (
			);
			inputPaths = (
				"${PODS_PODFILE_DIR_PATH}/Podfile.lock",
				"${PODS_ROOT}/Manifest.lock",
			);
			name = "[CP] Check Pods Manifest.lock";
			outputPaths = (
				"$(DERIVED_FILE_DIR)/Pods-breakpoint-checkManifestLockResult.txt",
			);
			runOnlyForDeploymentPostprocessing = 0;
			shellPath = /bin/sh;
			shellScript = "diff \"${PODS_PODFILE_DIR_PATH}/Podfile.lock\" \"${PODS_ROOT}/Manifest.lock\" > /dev/null\nif [ $? != 0 ] ; then\n    # print error to STDERR\n    echo \"error: The sandbox is not in sync with the Podfile.lock. Run 'pod install' or update your CocoaPods installation.\" >&2\n    exit 1\nfi\n# This output is used by Xcode 'outputs' to avoid re-running this script phase.\necho \"SUCCESS\" > \"${SCRIPT_OUTPUT_FILE_0}\"\n";
			showEnvVarsInLog = 0;
		};
		F0495C9F9BE75B3C83A61B40 /* [CP] Copy Pods Resources */ = {
			isa = PBXShellScriptBuildPhase;
			buildActionMask = 2147483647;
			files = (
			);
			inputPaths = (
			);
			name = "[CP] Copy Pods Resources";
			outputPaths = (
			);
			runOnlyForDeploymentPostprocessing = 0;
			shellPath = /bin/sh;
			shellScript = "\"${SRCROOT}/Pods/Target Support Files/Pods-breakpoint/Pods-breakpoint-resources.sh\"\n";
			showEnvVarsInLog = 0;
		};
/* End PBXShellScriptBuildPhase section */

/* Begin PBXSourcesBuildPhase section */
		14677A0B203C7B6300FF4D1D /* Sources */ = {
			isa = PBXSourcesBuildPhase;
			buildActionMask = 2147483647;
			files = (
				14F807D7203CB29F00A84609 /* MeViewController.swift in Sources */,
				14677A32203C8DB100FF4D1D /* LoginViewController.swift in Sources */,
				14677A17203C7B6300FF4D1D /* GroupsViewController.swift in Sources */,
				14677A13203C7B6300FF4D1D /* AppDelegate.swift in Sources */,
				14F807D3203C939000A84609 /* AuthService.swift in Sources */,
				14F807DD203CDD7700A84609 /* FeedTableViewCell.swift in Sources */,
				14677A30203C8D7000FF4D1D /* AuthViewController.swift in Sources */,
				14F807DB203CBC5000A84609 /* UIViewExtension.swift in Sources */,
				14677A36203C908900FF4D1D /* ShadowView.swift in Sources */,
				14F807D9203CB84A00A84609 /* CreatePostViewController.swift in Sources */,
				14677A15203C7B6300FF4D1D /* FeedViewController.swift in Sources */,
				14677A34203C8DFF00FF4D1D /* InsetTextField.swift in Sources */,
				14677A2E203C82E100FF4D1D /* DataService.swift in Sources */,
				1418AA6B203DC97E006C100F /* Message.swift in Sources */,
			);
			runOnlyForDeploymentPostprocessing = 0;
		};
/* End PBXSourcesBuildPhase section */

/* Begin PBXVariantGroup section */
		14677A18203C7B6300FF4D1D /* Main.storyboard */ = {
			isa = PBXVariantGroup;
			children = (
				14677A19203C7B6300FF4D1D /* Base */,
			);
			name = Main.storyboard;
			sourceTree = "<group>";
		};
		14677A1D203C7B6300FF4D1D /* LaunchScreen.storyboard */ = {
			isa = PBXVariantGroup;
			children = (
				14677A1E203C7B6300FF4D1D /* Base */,
			);
			name = LaunchScreen.storyboard;
			sourceTree = "<group>";
		};
/* End PBXVariantGroup section */

/* Begin XCBuildConfiguration section */
		14677A21203C7B6300FF4D1D /* Debug */ = {
			isa = XCBuildConfiguration;
			buildSettings = {
				ALWAYS_SEARCH_USER_PATHS = NO;
				CLANG_ANALYZER_NONNULL = YES;
				CLANG_ANALYZER_NUMBER_OBJECT_CONVERSION = YES_AGGRESSIVE;
				CLANG_CXX_LANGUAGE_STANDARD = "gnu++14";
				CLANG_CXX_LIBRARY = "libc++";
				CLANG_ENABLE_MODULES = YES;
				CLANG_ENABLE_OBJC_ARC = YES;
				CLANG_WARN_BLOCK_CAPTURE_AUTORELEASING = YES;
				CLANG_WARN_BOOL_CONVERSION = YES;
				CLANG_WARN_COMMA = YES;
				CLANG_WARN_CONSTANT_CONVERSION = YES;
				CLANG_WARN_DIRECT_OBJC_ISA_USAGE = YES_ERROR;
				CLANG_WARN_DOCUMENTATION_COMMENTS = YES;
				CLANG_WARN_EMPTY_BODY = YES;
				CLANG_WARN_ENUM_CONVERSION = YES;
				CLANG_WARN_INFINITE_RECURSION = YES;
				CLANG_WARN_INT_CONVERSION = YES;
				CLANG_WARN_NON_LITERAL_NULL_CONVERSION = YES;
				CLANG_WARN_OBJC_LITERAL_CONVERSION = YES;
				CLANG_WARN_OBJC_ROOT_CLASS = YES_ERROR;
				CLANG_WARN_RANGE_LOOP_ANALYSIS = YES;
				CLANG_WARN_STRICT_PROTOTYPES = YES;
				CLANG_WARN_SUSPICIOUS_MOVE = YES;
				CLANG_WARN_UNGUARDED_AVAILABILITY = YES_AGGRESSIVE;
				CLANG_WARN_UNREACHABLE_CODE = YES;
				CLANG_WARN__DUPLICATE_METHOD_MATCH = YES;
				CODE_SIGN_IDENTITY = "iPhone Developer";
				COPY_PHASE_STRIP = NO;
				DEBUG_INFORMATION_FORMAT = dwarf;
				ENABLE_STRICT_OBJC_MSGSEND = YES;
				ENABLE_TESTABILITY = YES;
				GCC_C_LANGUAGE_STANDARD = gnu11;
				GCC_DYNAMIC_NO_PIC = NO;
				GCC_NO_COMMON_BLOCKS = YES;
				GCC_OPTIMIZATION_LEVEL = 0;
				GCC_PREPROCESSOR_DEFINITIONS = (
					"DEBUG=1",
					"$(inherited)",
				);
				GCC_WARN_64_TO_32_BIT_CONVERSION = YES;
				GCC_WARN_ABOUT_RETURN_TYPE = YES_ERROR;
				GCC_WARN_UNDECLARED_SELECTOR = YES;
				GCC_WARN_UNINITIALIZED_AUTOS = YES_AGGRESSIVE;
				GCC_WARN_UNUSED_FUNCTION = YES;
				GCC_WARN_UNUSED_VARIABLE = YES;
				IPHONEOS_DEPLOYMENT_TARGET = 11.2;
				MTL_ENABLE_DEBUG_INFO = YES;
				ONLY_ACTIVE_ARCH = YES;
				SDKROOT = iphoneos;
				SWIFT_ACTIVE_COMPILATION_CONDITIONS = DEBUG;
				SWIFT_OPTIMIZATION_LEVEL = "-Onone";
			};
			name = Debug;
		};
		14677A22203C7B6300FF4D1D /* Release */ = {
			isa = XCBuildConfiguration;
			buildSettings = {
				ALWAYS_SEARCH_USER_PATHS = NO;
				CLANG_ANALYZER_NONNULL = YES;
				CLANG_ANALYZER_NUMBER_OBJECT_CONVERSION = YES_AGGRESSIVE;
				CLANG_CXX_LANGUAGE_STANDARD = "gnu++14";
				CLANG_CXX_LIBRARY = "libc++";
				CLANG_ENABLE_MODULES = YES;
				CLANG_ENABLE_OBJC_ARC = YES;
				CLANG_WARN_BLOCK_CAPTURE_AUTORELEASING = YES;
				CLANG_WARN_BOOL_CONVERSION = YES;
				CLANG_WARN_COMMA = YES;
				CLANG_WARN_CONSTANT_CONVERSION = YES;
				CLANG_WARN_DIRECT_OBJC_ISA_USAGE = YES_ERROR;
				CLANG_WARN_DOCUMENTATION_COMMENTS = YES;
				CLANG_WARN_EMPTY_BODY = YES;
				CLANG_WARN_ENUM_CONVERSION = YES;
				CLANG_WARN_INFINITE_RECURSION = YES;
				CLANG_WARN_INT_CONVERSION = YES;
				CLANG_WARN_NON_LITERAL_NULL_CONVERSION = YES;
				CLANG_WARN_OBJC_LITERAL_CONVERSION = YES;
				CLANG_WARN_OBJC_ROOT_CLASS = YES_ERROR;
				CLANG_WARN_RANGE_LOOP_ANALYSIS = YES;
				CLANG_WARN_STRICT_PROTOTYPES = YES;
				CLANG_WARN_SUSPICIOUS_MOVE = YES;
				CLANG_WARN_UNGUARDED_AVAILABILITY = YES_AGGRESSIVE;
				CLANG_WARN_UNREACHABLE_CODE = YES;
				CLANG_WARN__DUPLICATE_METHOD_MATCH = YES;
				CODE_SIGN_IDENTITY = "iPhone Developer";
				COPY_PHASE_STRIP = NO;
				DEBUG_INFORMATION_FORMAT = "dwarf-with-dsym";
				ENABLE_NS_ASSERTIONS = NO;
				ENABLE_STRICT_OBJC_MSGSEND = YES;
				GCC_C_LANGUAGE_STANDARD = gnu11;
				GCC_NO_COMMON_BLOCKS = YES;
				GCC_WARN_64_TO_32_BIT_CONVERSION = YES;
				GCC_WARN_ABOUT_RETURN_TYPE = YES_ERROR;
				GCC_WARN_UNDECLARED_SELECTOR = YES;
				GCC_WARN_UNINITIALIZED_AUTOS = YES_AGGRESSIVE;
				GCC_WARN_UNUSED_FUNCTION = YES;
				GCC_WARN_UNUSED_VARIABLE = YES;
				IPHONEOS_DEPLOYMENT_TARGET = 11.2;
				MTL_ENABLE_DEBUG_INFO = NO;
				SDKROOT = iphoneos;
				SWIFT_OPTIMIZATION_LEVEL = "-Owholemodule";
				VALIDATE_PRODUCT = YES;
			};
			name = Release;
		};
		14677A24203C7B6300FF4D1D /* Debug */ = {
			isa = XCBuildConfiguration;
			baseConfigurationReference = C5A3498C9D7EA97C23AE646E /* Pods-breakpoint.debug.xcconfig */;
			buildSettings = {
				ASSETCATALOG_COMPILER_APPICON_NAME = AppIcon;
				CODE_SIGN_STYLE = Automatic;
				DEVELOPMENT_TEAM = 4V4L5DFDQ5;
				INFOPLIST_FILE = breakpoint/Info.plist;
				LD_RUNPATH_SEARCH_PATHS = "$(inherited) @executable_path/Frameworks";
				PRODUCT_BUNDLE_IDENTIFIER = com.condosemes.breakpoint;
				PRODUCT_NAME = "$(TARGET_NAME)";
				SWIFT_VERSION = 4.0;
				TARGETED_DEVICE_FAMILY = "1,2";
			};
			name = Debug;
		};
		14677A25203C7B6300FF4D1D /* Release */ = {
			isa = XCBuildConfiguration;
			baseConfigurationReference = 23D1A01EB2BA1107A0AF4C26 /* Pods-breakpoint.release.xcconfig */;
			buildSettings = {
				ASSETCATALOG_COMPILER_APPICON_NAME = AppIcon;
				CODE_SIGN_STYLE = Automatic;
				DEVELOPMENT_TEAM = 4V4L5DFDQ5;
				INFOPLIST_FILE = breakpoint/Info.plist;
				LD_RUNPATH_SEARCH_PATHS = "$(inherited) @executable_path/Frameworks";
				PRODUCT_BUNDLE_IDENTIFIER = com.condosemes.breakpoint;
				PRODUCT_NAME = "$(TARGET_NAME)";
				SWIFT_VERSION = 4.0;
				TARGETED_DEVICE_FAMILY = "1,2";
			};
			name = Release;
		};
/* End XCBuildConfiguration section */

/* Begin XCConfigurationList section */
		14677A0A203C7B6300FF4D1D /* Build configuration list for PBXProject "breakpoint" */ = {
			isa = XCConfigurationList;
			buildConfigurations = (
				14677A21203C7B6300FF4D1D /* Debug */,
				14677A22203C7B6300FF4D1D /* Release */,
			);
			defaultConfigurationIsVisible = 0;
			defaultConfigurationName = Release;
		};
		14677A23203C7B6300FF4D1D /* Build configuration list for PBXNativeTarget "breakpoint" */ = {
			isa = XCConfigurationList;
			buildConfigurations = (
				14677A24203C7B6300FF4D1D /* Debug */,
				14677A25203C7B6300FF4D1D /* Release */,
			);
			defaultConfigurationIsVisible = 0;
			defaultConfigurationName = Release;
		};
/* End XCConfigurationList section */
	};
	rootObject = 14677A07203C7B6300FF4D1D /* Project object */;
}
